
Microsoft Visual Studio Solution File, Format Version 12.00
# Visual Studio 14
VisualStudioVersion = 14.0.25420.1
MinimumVisualStudioVersion = 10.0.40219.1
Project("{8BC9CEB8-8B4A-11D0-8D11-00A0C91BC942}") = "2-1", "Eczamen\Eczamen.vcxproj", "{E6BDB96B-F800-4367-BBB1-BA35DF90A9D4}"
EndProject
Project("{8BC9CEB8-8B4A-11D0-8D11-00A0C91BC942}") = "2-2", "2-2\2-2.vcxproj", "{EF383A0B-90C5-4604-9012-CA0FE6CC9DE5}"
EndProject
Project("{8BC9CEB8-8B4A-11D0-8D11-00A0C91BC942}") = "2-3", "2-3\2-3.vcxproj", "{3356F9D5-9D8F-436D-8FB7-E86E0B1D0B1F}"
EndProject
Project("{8BC9CEB8-8B4A-11D0-8D11-00A0C91BC942}") = "2-4", "2-4\2-4.vcxproj", "{AB478E0F-C0DA-4230-B540-D92AF607760C}"
EndProject
Project("{8BC9CEB8-8B4A-11D0-8D11-00A0C91BC942}") = "2-5", "2-5\2-5.vcxproj", "{F6A05D17-D039-426D-8EC8-BD77C9BF7C65}"
EndProject
Project("{8BC9CEB8-8B4A-11D0-8D11-00A0C91BC942}") = "2-6", "2-6\2-6.vcxproj", "{08820BD2-33A9-45B6-A619-6E3B09E44ED4}"
EndProject
Project("{8BC9CEB8-8B4A-11D0-8D11-00A0C91BC942}") = "2-7", "2-7\2-7.vcxproj", "{478AF468-475F-4C0B-9305-3569ECA44DA6}"
EndProject
Project("{8BC9CEB8-8B4A-11D0-8D11-00A0C91BC942}") = "2-10", "2-9\2-9.vcxproj", "{8E61C9E2-930D-4030-8AC8-2DA6C5396F16}"
EndProject
Project("{8BC9CEB8-8B4A-11D0-8D11-00A0C91BC942}") = "2-11", "2-11\2-11.vcxproj", "{C83B6F9E-C9C1-4ABF-BE8C-256F3B52BAAD}"
EndProject
Global
	GlobalSection(SolutionConfigurationPlatforms) = preSolution
		Debug|x64 = Debug|x64
		Debug|x86 = Debug|x86
		Release|x64 = Release|x64
		Release|x86 = Release|x86
	EndGlobalSection
	GlobalSection(ProjectConfigurationPlatforms) = postSolution
		{E6BDB96B-F800-4367-BBB1-BA35DF90A9D4}.Debug|x64.ActiveCfg = Debug|x64
		{E6BDB96B-F800-4367-BBB1-BA35DF90A9D4}.Debug|x64.Build.0 = Debug|x64
		{E6BDB96B-F800-4367-BBB1-BA35DF90A9D4}.Debug|x86.ActiveCfg = Debug|Win32
		{E6BDB96B-F800-4367-BBB1-BA35DF90A9D4}.Debug|x86.Build.0 = Debug|Win32
		{E6BDB96B-F800-4367-BBB1-BA35DF90A9D4}.Release|x64.ActiveCfg = Release|x64
		{E6BDB96B-F800-4367-BBB1-BA35DF90A9D4}.Release|x64.Build.0 = Release|x64
		{E6BDB96B-F800-4367-BBB1-BA35DF90A9D4}.Release|x86.ActiveCfg = Release|Win32
		{E6BDB96B-F800-4367-BBB1-BA35DF90A9D4}.Release|x86.Build.0 = Release|Win32
		{EF383A0B-90C5-4604-9012-CA0FE6CC9DE5}.Debug|x64.ActiveCfg = Debug|x64
		{EF383A0B-90C5-4604-9012-CA0FE6CC9DE5}.Debug|x64.Build.0 = Debug|x64
		{EF383A0B-90C5-4604-9012-CA0FE6CC9DE5}.Debug|x86.ActiveCfg = Debug|Win32
		{EF383A0B-90C5-4604-9012-CA0FE6CC9DE5}.Debug|x86.Build.0 = Debug|Win32
		{EF383A0B-90C5-4604-9012-CA0FE6CC9DE5}.Release|x64.ActiveCfg = Release|x64
		{EF383A0B-90C5-4604-9012-CA0FE6CC9DE5}.Release|x64.Build.0 = Release|x64
		{EF383A0B-90C5-4604-9012-CA0FE6CC9DE5}.Release|x86.ActiveCfg = Release|Win32
		{EF383A0B-90C5-4604-9012-CA0FE6CC9DE5}.Release|x86.Build.0 = Release|Win32
		{3356F9D5-9D8F-436D-8FB7-E86E0B1D0B1F}.Debug|x64.ActiveCfg = Debug|x64
		{3356F9D5-9D8F-436D-8FB7-E86E0B1D0B1F}.Debug|x64.Build.0 = Debug|x64
		{3356F9D5-9D8F-436D-8FB7-E86E0B1D0B1F}.Debug|x86.ActiveCfg = Debug|Win32
		{3356F9D5-9D8F-436D-8FB7-E86E0B1D0B1F}.Debug|x86.Build.0 = Debug|Win32
		{3356F9D5-9D8F-436D-8FB7-E86E0B1D0B1F}.Release|x64.ActiveCfg = Release|x64
		{3356F9D5-9D8F-436D-8FB7-E86E0B1D0B1F}.Release|x64.Build.0 = Release|x64
		{3356F9D5-9D8F-436D-8FB7-E86E0B1D0B1F}.Release|x86.ActiveCfg = Release|Win32
		{3356F9D5-9D8F-436D-8FB7-E86E0B1D0B1F}.Release|x86.Build.0 = Release|Win32
		{AB478E0F-C0DA-4230-B540-D92AF607760C}.Debug|x64.ActiveCfg = Debug|x64
		{AB478E0F-C0DA-4230-B540-D92AF607760C}.Debug|x64.Build.0 = Debug|x64
		{AB478E0F-C0DA-4230-B540-D92AF607760C}.Debug|x86.ActiveCfg = Debug|Win32
		{AB478E0F-C0DA-4230-B540-D92AF607760C}.Debug|x86.Build.0 = Debug|Win32
		{AB478E0F-C0DA-4230-B540-D92AF607760C}.Release|x64.ActiveCfg = Release|x64
		{AB478E0F-C0DA-4230-B540-D92AF607760C}.Release|x64.Build.0 = Release|x64
		{AB478E0F-C0DA-4230-B540-D92AF607760C}.Release|x86.ActiveCfg = Release|Win32
		{AB478E0F-C0DA-4230-B540-D92AF607760C}.Release|x86.Build.0 = Release|Win32
		{F6A05D17-D039-426D-8EC8-BD77C9BF7C65}.Debug|x64.ActiveCfg = Debug|x64
		{F6A05D17-D039-426D-8EC8-BD77C9BF7C65}.Debug|x64.Build.0 = Debug|x64
		{F6A05D17-D039-426D-8EC8-BD77C9BF7C65}.Debug|x86.ActiveCfg = Debug|Win32
		{F6A05D17-D039-426D-8EC8-BD77C9BF7C65}.Debug|x86.Build.0 = Debug|Win32
		{F6A05D17-D039-426D-8EC8-BD77C9BF7C65}.Release|x64.ActiveCfg = Release|x64
		{F6A05D17-D039-426D-8EC8-BD77C9BF7C65}.Release|x64.Build.0 = Release|x64
		{F6A05D17-D039-426D-8EC8-BD77C9BF7C65}.Release|x86.ActiveCfg = Release|Win32
		{F6A05D17-D039-426D-8EC8-BD77C9BF7C65}.Release|x86.Build.0 = Release|Win32
		{08820BD2-33A9-45B6-A619-6E3B09E44ED4}.Debug|x64.ActiveCfg = Debug|x64
		{08820BD2-33A9-45B6-A619-6E3B09E44ED4}.Debug|x64.Build.0 = Debug|x64
		{08820BD2-33A9-45B6-A619-6E3B09E44ED4}.Debug|x86.ActiveCfg = Debug|Win32
		{08820BD2-33A9-45B6-A619-6E3B09E44ED4}.Debug|x86.Build.0 = Debug|Win32
		{08820BD2-33A9-45B6-A619-6E3B09E44ED4}.Release|x64.ActiveCfg = Release|x64
		{08820BD2-33A9-45B6-A619-6E3B09E44ED4}.Release|x64.Build.0 = Release|x64
		{08820BD2-33A9-45B6-A619-6E3B09E44ED4}.Release|x86.ActiveCfg = Release|Win32
		{08820BD2-33A9-45B6-A619-6E3B09E44ED4}.Release|x86.Build.0 = Release|Win32
		{478AF468-475F-4C0B-9305-3569ECA44DA6}.Debug|x64.ActiveCfg = Debug|x64
		{478AF468-475F-4C0B-9305-3569ECA44DA6}.Debug|x64.Build.0 = Debug|x64
		{478AF468-475F-4C0B-9305-3569ECA44DA6}.Debug|x86.ActiveCfg = Debug|Win32
		{478AF468-475F-4C0B-9305-3569ECA44DA6}.Debug|x86.Build.0 = Debug|Win32
		{478AF468-475F-4C0B-9305-3569ECA44DA6}.Release|x64.ActiveCfg = Release|x64
		{478AF468-475F-4C0B-9305-3569ECA44DA6}.Release|x64.Build.0 = Release|x64
		{478AF468-475F-4C0B-9305-3569ECA44DA6}.Release|x86.ActiveCfg = Release|Win32
		{478AF468-475F-4C0B-9305-3569ECA44DA6}.Release|x86.Build.0 = Release|Win32
		{8E61C9E2-930D-4030-8AC8-2DA6C5396F16}.Debug|x64.ActiveCfg = Debug|x64
		{8E61C9E2-930D-4030-8AC8-2DA6C5396F16}.Debug|x64.Build.0 = Debug|x64
		{8E61C9E2-930D-4030-8AC8-2DA6C5396F16}.Debug|x86.ActiveCfg = Debug|Win32
		{8E61C9E2-930D-4030-8AC8-2DA6C5396F16}.Debug|x86.Build.0 = Debug|Win32
		{8E61C9E2-930D-4030-8AC8-2DA6C5396F16}.Release|x64.ActiveCfg = Release|x64
		{8E61C9E2-930D-4030-8AC8-2DA6C5396F16}.Release|x64.Build.0 = Release|x64
		{8E61C9E2-930D-4030-8AC8-2DA6C5396F16}.Release|x86.ActiveCfg = Release|Win32
		{8E61C9E2-930D-4030-8AC8-2DA6C5396F16}.Release|x86.Build.0 = Release|Win32
		{C83B6F9E-C9C1-4ABF-BE8C-256F3B52BAAD}.Debug|x64.ActiveCfg = Debug|x64
		{C83B6F9E-C9C1-4ABF-BE8C-256F3B52BAAD}.Debug|x64.Build.0 = Debug|x64
		{C83B6F9E-C9C1-4ABF-BE8C-256F3B52BAAD}.Debug|x86.ActiveCfg = Debug|Win32
		{C83B6F9E-C9C1-4ABF-BE8C-256F3B52BAAD}.Debug|x86.Build.0 = Debug|Win32
		{C83B6F9E-C9C1-4ABF-BE8C-256F3B52BAAD}.Release|x64.ActiveCfg = Release|x64
		{C83B6F9E-C9C1-4ABF-BE8C-256F3B52BAAD}.Release|x64.Build.0 = Release|x64
		{C83B6F9E-C9C1-4ABF-BE8C-256F3B52BAAD}.Release|x86.ActiveCfg = Release|Win32
		{C83B6F9E-C9C1-4ABF-BE8C-256F3B52BAAD}.Release|x86.Build.0 = Release|Win32
	EndGlobalSection
	GlobalSection(SolutionProperties) = preSolution
		HideSolutionNode = FALSE
	EndGlobalSection
EndGlobal
